
Microsoft Visual Studio Solution File, Format Version 12.00
Project("{FAE04EC0-301F-11D3-BF4B-00C04F79EFBC}") = "Hl7.Core", "Hl7.Core\Hl7.Core.csproj", "{D085518A-C10E-4D8D-AB0A-70AEE5FD096E}"
EndProject
Project("{FAE04EC0-301F-11D3-BF4B-00C04F79EFBC}") = "Hl7Test", "Hl7Test\Hl7Test.csproj", "{6A3CF218-4E84-46EF-8E80-378356DB07EB}"
EndProject
Project("{FAE04EC0-301F-11D3-BF4B-00C04F79EFBC}") = "Hl7.Mvc", "Hl7.Mvc\Hl7.Mvc.csproj", "{DFBF6CC4-C650-4591-86F3-2496CFD7144E}"
EndProject
Global
	GlobalSection(SolutionConfigurationPlatforms) = preSolution
		Debug|Any CPU = Debug|Any CPU
		Debug|x64 = Debug|x64
		Debug|x86 = Debug|x86
		Release|Any CPU = Release|Any CPU
		Release|x64 = Release|x64
		Release|x86 = Release|x86
	EndGlobalSection
	GlobalSection(ProjectConfigurationPlatforms) = postSolution
		{D085518A-C10E-4D8D-AB0A-70AEE5FD096E}.Debug|Any CPU.ActiveCfg = Debug|Any CPU
		{D085518A-C10E-4D8D-AB0A-70AEE5FD096E}.Debug|Any CPU.Build.0 = Debug|Any CPU
		{D085518A-C10E-4D8D-AB0A-70AEE5FD096E}.Debug|x64.ActiveCfg = Debug|Any CPU
		{D085518A-C10E-4D8D-AB0A-70AEE5FD096E}.Debug|x64.Build.0 = Debug|Any CPU
		{D085518A-C10E-4D8D-AB0A-70AEE5FD096E}.Debug|x86.ActiveCfg = Debug|Any CPU
		{D085518A-C10E-4D8D-AB0A-70AEE5FD096E}.Debug|x86.Build.0 = Debug|Any CPU
		{D085518A-C10E-4D8D-AB0A-70AEE5FD096E}.Release|Any CPU.ActiveCfg = Release|Any CPU
		{D085518A-C10E-4D8D-AB0A-70AEE5FD096E}.Release|Any CPU.Build.0 = Release|Any CPU
		{D085518A-C10E-4D8D-AB0A-70AEE5FD096E}.Release|x64.ActiveCfg = Release|Any CPU
		{D085518A-C10E-4D8D-AB0A-70AEE5FD096E}.Release|x64.Build.0 = Release|Any CPU
		{D085518A-C10E-4D8D-AB0A-70AEE5FD096E}.Release|x86.ActiveCfg = Release|Any CPU
		{D085518A-C10E-4D8D-AB0A-70AEE5FD096E}.Release|x86.Build.0 = Release|Any CPU
		{6A3CF218-4E84-46EF-8E80-378356DB07EB}.Debug|Any CPU.ActiveCfg = Debug|Any CPU
		{6A3CF218-4E84-46EF-8E80-378356DB07EB}.Debug|Any CPU.Build.0 = Debug|Any CPU
		{6A3CF218-4E84-46EF-8E80-378356DB07EB}.Debug|x64.ActiveCfg = Debug|Any CPU
		{6A3CF218-4E84-46EF-8E80-378356DB07EB}.Debug|x64.Build.0 = Debug|Any CPU
		{6A3CF218-4E84-46EF-8E80-378356DB07EB}.Debug|x86.ActiveCfg = Debug|Any CPU
		{6A3CF218-4E84-46EF-8E80-378356DB07EB}.Debug|x86.Build.0 = Debug|Any CPU
		{6A3CF218-4E84-46EF-8E80-378356DB07EB}.Release|Any CPU.ActiveCfg = Release|Any CPU
		{6A3CF218-4E84-46EF-8E80-378356DB07EB}.Release|Any CPU.Build.0 = Release|Any CPU
		{6A3CF218-4E84-46EF-8E80-378356DB07EB}.Release|x64.ActiveCfg = Release|Any CPU
		{6A3CF218-4E84-46EF-8E80-378356DB07EB}.Release|x64.Build.0 = Release|Any CPU
		{6A3CF218-4E84-46EF-8E80-378356DB07EB}.Release|x86.ActiveCfg = Release|Any CPU
		{6A3CF218-4E84-46EF-8E80-378356DB07EB}.Release|x86.Build.0 = Release|Any CPU
		{DFBF6CC4-C650-4591-86F3-2496CFD7144E}.Debug|Any CPU.ActiveCfg = Debug|Any CPU
		{DFBF6CC4-C650-4591-86F3-2496CFD7144E}.Debug|Any CPU.Build.0 = Debug|Any CPU
		{DFBF6CC4-C650-4591-86F3-2496CFD7144E}.Debug|x64.ActiveCfg = Debug|Any CPU
		{DFBF6CC4-C650-4591-86F3-2496CFD7144E}.Debug|x64.Build.0 = Debug|Any CPU
		{DFBF6CC4-C650-4591-86F3-2496CFD7144E}.Debug|x86.ActiveCfg = Debug|Any CPU
		{DFBF6CC4-C650-4591-86F3-2496CFD7144E}.Debug|x86.Build.0 = Debug|Any CPU
		{DFBF6CC4-C650-4591-86F3-2496CFD7144E}.Release|Any CPU.ActiveCfg = Release|Any CPU
		{DFBF6CC4-C650-4591-86F3-2496CFD7144E}.Release|Any CPU.Build.0 = Release|Any CPU
		{DFBF6CC4-C650-4591-86F3-2496CFD7144E}.Release|x64.ActiveCfg = Release|Any CPU
		{DFBF6CC4-C650-4591-86F3-2496CFD7144E}.Release|x64.Build.0 = Release|Any CPU
		{DFBF6CC4-C650-4591-86F3-2496CFD7144E}.Release|x86.ActiveCfg = Release|Any CPU
		{DFBF6CC4-C650-4591-86F3-2496CFD7144E}.Release|x86.Build.0 = Release|Any CPU
	EndGlobalSection
	GlobalSection(SolutionProperties) = preSolution
		HideSolutionNode = FALSE
	EndGlobalSection
EndGlobal
